{
  "version": 4,
  "terraform_version": "1.13.4",
  "serial": 10,
  "lineage": "8b274ebb-598c-24f9-3f9a-fbb18cc0b31f",
  "outputs": {
    "app_server_ip": {
      "value": "138.197.36.35",
      "type": "string"
    }
  },
  "resources": [
    {
      "mode": "data",
      "type": "digitalocean_domain",
      "name": "main",
      "provider": "provider[\"registry.terraform.io/digitalocean/digitalocean\"]",
      "instances": [
        {
          "schema_version": 0,
          "attributes": {
            "id": "damasio34.com.br",
            "name": "damasio34.com.br",
            "ttl": 1800,
            "urn": "do:domain:damasio34.com.br",
            "zone_file": "$ORIGIN damasio34.com.br.\n$TTL 1800\ndamasio34.com.br. IN SOA ns1.digitalocean.com. hostmaster.damasio34.com.br. 1761434764 10800 3600 604800 1800\ndamasio34.com.br. 1800 IN NS ns1.digitalocean.com.\ndamasio34.com.br. 1800 IN NS ns2.digitalocean.com.\ndamasio34.com.br. 1800 IN NS ns3.digitalocean.com.\ndamasio34.com.br. 30 IN A 138.197.103.254\ndamasio34.com.br. 3600 IN TXT google-site-verification=4kmttWB025MAKeA5FLiub0RZPdYEtPhtnhxz9Qjksc4\ndamasio34.com.br.damasio34.com.br. 60 IN A 138.197.36.35\nshort.damasio34.com.br. 60 IN A 138.197.36.35\ngeo.damasio34.com.br. 60 IN A 138.197.36.35\n"
          },
          "sensitive_attributes": [],
          "identity_schema_version": 0
        }
      ]
    },
    {
      "mode": "data",
      "type": "digitalocean_ssh_key",
      "name": "default",
      "provider": "provider[\"registry.terraform.io/digitalocean/digitalocean\"]",
      "instances": [
        {
          "schema_version": 0,
          "attributes": {
            "fingerprint": "6d:88:d2:b2:7e:83:9e:f4:25:2e:27:0f:ac:2e:d8:cb",
            "id": 51563073,
            "name": "pc-felipe",
            "public_key": "ssh-ed25519 AAAAC3NzaC1lZDI1NTE5AAAAIIaR99ZRgtIChSKIHQW3ezWOWO8ELnFR5xbhxqP+bZMK devops@devops-Aspire-A315-41"
          },
          "sensitive_attributes": [],
          "identity_schema_version": 0
        }
      ]
    },
    {
      "mode": "managed",
      "type": "digitalocean_droplet",
      "name": "app_server",
      "provider": "provider[\"registry.terraform.io/digitalocean/digitalocean\"]",
      "instances": [
        {
          "schema_version": 1,
          "attributes": {
            "backup_policy": [],
            "backups": false,
            "created_at": "2025-10-25T23:25:31Z",
            "disk": 25,
            "droplet_agent": null,
            "graceful_shutdown": false,
            "id": "526297309",
            "image": "ubuntu-22-04-x64",
            "ipv4_address": "138.197.36.35",
            "ipv4_address_private": "10.108.0.4",
            "ipv6": false,
            "ipv6_address": "",
            "locked": false,
            "memory": 1024,
            "monitoring": false,
            "name": "app-server",
            "price_hourly": 0.00893,
            "price_monthly": 6,
            "private_networking": true,
            "region": "nyc3",
            "resize_disk": true,
            "size": "s-1vcpu-1gb",
            "ssh_keys": [
              "51563073"
            ],
            "status": "active",
            "tags": [
              "env:staging"
            ],
            "timeouts": null,
            "urn": "do:droplet:526297309",
            "user_data": null,
            "vcpus": 1,
            "volume_ids": [],
            "vpc_uuid": "c54c5d97-139f-4dc2-a530-eb2927cab832"
          },
          "sensitive_attributes": [],
          "identity_schema_version": 0,
          "private": "eyJlMmJmYjczMC1lY2FhLTExZTYtOGY4OC0zNDM2M2JjN2M0YzAiOnsiY3JlYXRlIjozNjAwMDAwMDAwMDAwLCJkZWxldGUiOjYwMDAwMDAwMDAwLCJ1cGRhdGUiOjM2MDAwMDAwMDAwMDB9LCJzY2hlbWFfdmVyc2lvbiI6IjEifQ==",
          "dependencies": [
            "data.digitalocean_ssh_key.default"
          ]
        }
      ]
    },
    {
      "mode": "managed",
      "type": "digitalocean_record",
      "name": "domain_a_record",
      "provider": "provider[\"registry.terraform.io/digitalocean/digitalocean\"]",
      "instances": [
        {
          "schema_version": 0,
          "attributes": {
            "domain": "damasio34.com.br",
            "flags": 0,
            "fqdn": "damasio34.com.br.damasio34.com.br",
            "id": "1795592165",
            "name": "damasio34.com.br",
            "port": 0,
            "priority": 0,
            "tag": "",
            "ttl": 60,
            "type": "A",
            "value": "138.197.36.35",
            "weight": 0
          },
          "sensitive_attributes": [],
          "identity_schema_version": 0,
          "private": "bnVsbA==",
          "dependencies": [
            "data.digitalocean_ssh_key.default",
            "digitalocean_droplet.app_server"
          ]
        }
      ]
    },
    {
      "mode": "managed",
      "type": "digitalocean_record",
      "name": "subdomain_a_records",
      "provider": "provider[\"registry.terraform.io/digitalocean/digitalocean\"]",
      "instances": [
        {
          "index_key": "geo",
          "schema_version": 0,
          "attributes": {
            "domain": "damasio34.com.br",
            "flags": 0,
            "fqdn": "geo.damasio34.com.br",
            "id": "1795592167",
            "name": "geo",
            "port": 0,
            "priority": 0,
            "tag": "",
            "ttl": 60,
            "type": "A",
            "value": "138.197.36.35",
            "weight": 0
          },
          "sensitive_attributes": [],
          "identity_schema_version": 0,
          "private": "bnVsbA==",
          "dependencies": [
            "data.digitalocean_domain.main",
            "data.digitalocean_ssh_key.default",
            "digitalocean_droplet.app_server"
          ]
        },
        {
          "index_key": "short",
          "schema_version": 0,
          "attributes": {
            "domain": "damasio34.com.br",
            "flags": 0,
            "fqdn": "short.damasio34.com.br",
            "id": "1795592166",
            "name": "short",
            "port": 0,
            "priority": 0,
            "tag": "",
            "ttl": 60,
            "type": "A",
            "value": "138.197.36.35",
            "weight": 0
          },
          "sensitive_attributes": [],
          "identity_schema_version": 0,
          "private": "bnVsbA==",
          "dependencies": [
            "data.digitalocean_domain.main",
            "data.digitalocean_ssh_key.default",
            "digitalocean_droplet.app_server"
          ]
        }
      ]
    },
    {
      "module": "module.firewall",
      "mode": "managed",
      "type": "digitalocean_firewall",
      "name": "web_fw",
      "provider": "provider[\"registry.terraform.io/digitalocean/digitalocean\"]",
      "instances": [
        {
          "schema_version": 0,
          "attributes": {
            "created_at": "2025-10-25T23:30:29Z",
            "droplet_ids": null,
            "id": "d066dfce-1cf4-4217-b862-c9dc16e0a5ba",
            "inbound_rule": [
              {
                "port_range": "",
                "protocol": "icmp",
                "source_addresses": [
                  "0.0.0.0/0",
                  "::/0"
                ],
                "source_droplet_ids": [],
                "source_kubernetes_ids": [],
                "source_load_balancer_uids": [],
                "source_tags": []
              },
              {
                "port_range": "22",
                "protocol": "tcp",
                "source_addresses": [
                  "0.0.0.0/0",
                  "::/0"
                ],
                "source_droplet_ids": [],
                "source_kubernetes_ids": [],
                "source_load_balancer_uids": [],
                "source_tags": []
              },
              {
                "port_range": "443",
                "protocol": "tcp",
                "source_addresses": [
                  "0.0.0.0/0",
                  "::/0"
                ],
                "source_droplet_ids": [],
                "source_kubernetes_ids": [],
                "source_load_balancer_uids": [],
                "source_tags": []
              },
              {
                "port_range": "80",
                "protocol": "tcp",
                "source_addresses": [
                  "0.0.0.0/0",
                  "::/0"
                ],
                "source_droplet_ids": [],
                "source_kubernetes_ids": [],
                "source_load_balancer_uids": [],
                "source_tags": []
              }
            ],
            "name": "staging-nginx-proxy-fw",
            "outbound_rule": [
              {
                "destination_addresses": [
                  "0.0.0.0/0",
                  "::/0"
                ],
                "destination_droplet_ids": [],
                "destination_kubernetes_ids": [],
                "destination_load_balancer_uids": [],
                "destination_tags": [],
                "port_range": "1-65535",
                "protocol": "tcp"
              },
              {
                "destination_addresses": [
                  "0.0.0.0/0",
                  "::/0"
                ],
                "destination_droplet_ids": [],
                "destination_kubernetes_ids": [],
                "destination_load_balancer_uids": [],
                "destination_tags": [],
                "port_range": "1-65535",
                "protocol": "udp"
              }
            ],
            "pending_changes": [
              {
                "droplet_id": 526297309,
                "removing": false,
                "status": "waiting"
              }
            ],
            "status": "waiting",
            "tags": [
              "env:staging"
            ]
          },
          "sensitive_attributes": [],
          "identity_schema_version": 0,
          "private": "bnVsbA=="
        }
      ]
    }
  ],
  "check_results": null
}
